
Microsoft Visual Studio Solution File, Format Version 12.00
# Visual Studio Version 16
VisualStudioVersion = 16.0.30717.126
MinimumVisualStudioVersion = 10.0.40219.1
Project("{FAE04EC0-301F-11D3-BF4B-00C04F79EFBC}") = "DNMReport", "DNMReport\DNMReport.csproj", "{78C436CE-FBA4-4EB2-8055-515DE1BE588A}"
EndProject
Global
	GlobalSection(SolutionConfigurationPlatforms) = preSolution
		Debug|Any CPU = Debug|Any CPU
		Release|Any CPU = Release|Any CPU
	EndGlobalSection
	GlobalSection(ProjectConfigurationPlatforms) = postSolution
		{78C436CE-FBA4-4EB2-8055-515DE1BE588A}.Debug|Any CPU.ActiveCfg = Debug|Any CPU
		{78C436CE-FBA4-4EB2-8055-515DE1BE588A}.Debug|Any CPU.Build.0 = Debug|Any CPU
		{78C436CE-FBA4-4EB2-8055-515DE1BE588A}.Release|Any CPU.ActiveCfg = Release|Any CPU
		{78C436CE-FBA4-4EB2-8055-515DE1BE588A}.Release|Any CPU.Build.0 = Release|Any CPU
	EndGlobalSection
	GlobalSection(SolutionProperties) = preSolution
		HideSolutionNode = FALSE
	EndGlobalSection
	GlobalSection(ExtensibilityGlobals) = postSolution
		SolutionGuid = {4E694E6B-A8E8-45AA-B694-27FE164FE71F}
	EndGlobalSection
EndGlobal
